
Microsoft Visual Studio Solution File, Format Version 12.00
# Visual Studio 15
VisualStudioVersion = 15.0.26430.14
MinimumVisualStudioVersion = 15.0.26124.0
Project("{2150E333-8FDC-42A3-9474-1A3956D46DE8}") = "1 Reasons for DI", "1 Reasons for DI", "{7702A078-82DA-40F6-8A53-6600081393AB}"
EndProject
Project("{FAE04EC0-301F-11D3-BF4B-00C04F79EFBC}") = "WhyDependencyInjection", "WhyDependencyInjection\WhyDependencyInjection.csproj", "{40DAEA31-B877-4F65-9E75-6D8A3B43AB2C}"
EndProject
Project("{2150E333-8FDC-42A3-9474-1A3956D46DE8}") = "CodeSnippets", "CodeSnippets", "{2D69D23B-FA64-4981-878D-225E8575213F}"
	ProjectSection(SolutionItems) = preProject
		Snippets\File.snippet = Snippets\File.snippet
	EndProjectSection
EndProject
Global
	GlobalSection(SolutionConfigurationPlatforms) = preSolution
		Debug|Any CPU = Debug|Any CPU
		Debug|x64 = Debug|x64
		Debug|x86 = Debug|x86
		Release|Any CPU = Release|Any CPU
		Release|x64 = Release|x64
		Release|x86 = Release|x86
	EndGlobalSection
	GlobalSection(ProjectConfigurationPlatforms) = postSolution
		{40DAEA31-B877-4F65-9E75-6D8A3B43AB2C}.Debug|Any CPU.ActiveCfg = Debug|Any CPU
		{40DAEA31-B877-4F65-9E75-6D8A3B43AB2C}.Debug|Any CPU.Build.0 = Debug|Any CPU
		{40DAEA31-B877-4F65-9E75-6D8A3B43AB2C}.Debug|x64.ActiveCfg = Debug|Any CPU
		{40DAEA31-B877-4F65-9E75-6D8A3B43AB2C}.Debug|x64.Build.0 = Debug|Any CPU
		{40DAEA31-B877-4F65-9E75-6D8A3B43AB2C}.Debug|x86.ActiveCfg = Debug|Any CPU
		{40DAEA31-B877-4F65-9E75-6D8A3B43AB2C}.Debug|x86.Build.0 = Debug|Any CPU
		{40DAEA31-B877-4F65-9E75-6D8A3B43AB2C}.Release|Any CPU.ActiveCfg = Release|Any CPU
		{40DAEA31-B877-4F65-9E75-6D8A3B43AB2C}.Release|Any CPU.Build.0 = Release|Any CPU
		{40DAEA31-B877-4F65-9E75-6D8A3B43AB2C}.Release|x64.ActiveCfg = Release|Any CPU
		{40DAEA31-B877-4F65-9E75-6D8A3B43AB2C}.Release|x64.Build.0 = Release|Any CPU
		{40DAEA31-B877-4F65-9E75-6D8A3B43AB2C}.Release|x86.ActiveCfg = Release|Any CPU
		{40DAEA31-B877-4F65-9E75-6D8A3B43AB2C}.Release|x86.Build.0 = Release|Any CPU
	EndGlobalSection
	GlobalSection(SolutionProperties) = preSolution
		HideSolutionNode = FALSE
	EndGlobalSection
	GlobalSection(NestedProjects) = preSolution
		{40DAEA31-B877-4F65-9E75-6D8A3B43AB2C} = {7702A078-82DA-40F6-8A53-6600081393AB}
	EndGlobalSection
EndGlobal
